
Microsoft Visual Studio Solution File, Format Version 12.00
# Visual Studio Version 17
VisualStudioVersion = 17.2.32630.192
MinimumVisualStudioVersion = 10.0.40219.1
Project("{8BC9CEB8-8B4A-11D0-8D11-00A0C91BC942}") = "P01 考试报名系统", "P01\P01.vcxproj", "{DE7C3F4D-5F56-4035-8074-A2DC3C38805F}"
EndProject
Project("{8BC9CEB8-8B4A-11D0-8D11-00A0C91BC942}") = "P02 求两链表交集", "P02 求两链表交集\P02 求两链表交集.vcxproj", "{D481E95F-BAC5-4005-A4D2-79EDA1A7487A}"
EndProject
Project("{8BC9CEB8-8B4A-11D0-8D11-00A0C91BC942}") = "P03 迷宫问题", "P03 迷宫问题\P03 迷宫问题.vcxproj", "{30BF915B-9708-49E6-95BC-1A60DD3752E7}"
EndProject
Project("{8BC9CEB8-8B4A-11D0-8D11-00A0C91BC942}") = "P04 表达式转换", "P04 表达式转换\P04 表达式转换.vcxproj", "{794A7915-12E0-4E77-A3D0-1A3C185E5C79}"
EndProject
Project("{8BC9CEB8-8B4A-11D0-8D11-00A0C91BC942}") = "P05 银行业务", "P05 银行业务\P05 银行业务.vcxproj", "{7D3F5CD0-1656-42EE-A44C-2B44AFD5E866}"
EndProject
Project("{8BC9CEB8-8B4A-11D0-8D11-00A0C91BC942}") = "P06 家谱管理系统", "P06 家谱管理系统\P06 家谱管理系统.vcxproj", "{5EC34016-897A-42E3-AE4A-18261D5F9929}"
EndProject
Project("{8BC9CEB8-8B4A-11D0-8D11-00A0C91BC942}") = "P07 修理牧场", "P07 修理牧场\P07 修理牧场.vcxproj", "{1F5BE9C4-E9AE-4FDD-9666-CFB3F3A98200}"
EndProject
Project("{8BC9CEB8-8B4A-11D0-8D11-00A0C91BC942}") = "P08 电网造价模拟系统", "P08 电网造价模拟系统\P08 电网造价模拟系统.vcxproj", "{48D61846-A0B5-46D9-A78F-6B367D8D609D}"
EndProject
Project("{8BC9CEB8-8B4A-11D0-8D11-00A0C91BC942}") = "P09 关键活动", "P09 关键活动\P09 关键活动.vcxproj", "{CB5A699C-5C2A-44D7-9EEC-FFB3C1999B83}"
EndProject
Project("{8BC9CEB8-8B4A-11D0-8D11-00A0C91BC942}") = "P10 排序算法比较", "P10 排序算法比较\P10 排序算法比较.vcxproj", "{BE52B58C-B2E7-4091-B314-CCE0517778E2}"
EndProject
Project("{8BC9CEB8-8B4A-11D0-8D11-00A0C91BC942}") = "P01 考试报名系统", "P01 考试报名系统\P01 考试报名系统.vcxproj", "{F3CBC96C-0E56-4595-A7D6-ACB3BE085BC4}"
EndProject
Global
	GlobalSection(SolutionConfigurationPlatforms) = preSolution
		Debug|x64 = Debug|x64
		Debug|x86 = Debug|x86
		Release|x64 = Release|x64
		Release|x86 = Release|x86
	EndGlobalSection
	GlobalSection(ProjectConfigurationPlatforms) = postSolution
		{DE7C3F4D-5F56-4035-8074-A2DC3C38805F}.Debug|x64.ActiveCfg = Debug|x64
		{DE7C3F4D-5F56-4035-8074-A2DC3C38805F}.Debug|x64.Build.0 = Debug|x64
		{DE7C3F4D-5F56-4035-8074-A2DC3C38805F}.Debug|x86.ActiveCfg = Debug|Win32
		{DE7C3F4D-5F56-4035-8074-A2DC3C38805F}.Debug|x86.Build.0 = Debug|Win32
		{DE7C3F4D-5F56-4035-8074-A2DC3C38805F}.Release|x64.ActiveCfg = Release|x64
		{DE7C3F4D-5F56-4035-8074-A2DC3C38805F}.Release|x64.Build.0 = Release|x64
		{DE7C3F4D-5F56-4035-8074-A2DC3C38805F}.Release|x86.ActiveCfg = Release|Win32
		{DE7C3F4D-5F56-4035-8074-A2DC3C38805F}.Release|x86.Build.0 = Release|Win32
		{D481E95F-BAC5-4005-A4D2-79EDA1A7487A}.Debug|x64.ActiveCfg = Debug|x64
		{D481E95F-BAC5-4005-A4D2-79EDA1A7487A}.Debug|x64.Build.0 = Debug|x64
		{D481E95F-BAC5-4005-A4D2-79EDA1A7487A}.Debug|x86.ActiveCfg = Debug|Win32
		{D481E95F-BAC5-4005-A4D2-79EDA1A7487A}.Debug|x86.Build.0 = Debug|Win32
		{D481E95F-BAC5-4005-A4D2-79EDA1A7487A}.Release|x64.ActiveCfg = Release|x64
		{D481E95F-BAC5-4005-A4D2-79EDA1A7487A}.Release|x64.Build.0 = Release|x64
		{D481E95F-BAC5-4005-A4D2-79EDA1A7487A}.Release|x86.ActiveCfg = Release|Win32
		{D481E95F-BAC5-4005-A4D2-79EDA1A7487A}.Release|x86.Build.0 = Release|Win32
		{30BF915B-9708-49E6-95BC-1A60DD3752E7}.Debug|x64.ActiveCfg = Debug|x64
		{30BF915B-9708-49E6-95BC-1A60DD3752E7}.Debug|x64.Build.0 = Debug|x64
		{30BF915B-9708-49E6-95BC-1A60DD3752E7}.Debug|x86.ActiveCfg = Debug|Win32
		{30BF915B-9708-49E6-95BC-1A60DD3752E7}.Debug|x86.Build.0 = Debug|Win32
		{30BF915B-9708-49E6-95BC-1A60DD3752E7}.Release|x64.ActiveCfg = Release|x64
		{30BF915B-9708-49E6-95BC-1A60DD3752E7}.Release|x64.Build.0 = Release|x64
		{30BF915B-9708-49E6-95BC-1A60DD3752E7}.Release|x86.ActiveCfg = Release|Win32
		{30BF915B-9708-49E6-95BC-1A60DD3752E7}.Release|x86.Build.0 = Release|Win32
		{794A7915-12E0-4E77-A3D0-1A3C185E5C79}.Debug|x64.ActiveCfg = Debug|x64
		{794A7915-12E0-4E77-A3D0-1A3C185E5C79}.Debug|x64.Build.0 = Debug|x64
		{794A7915-12E0-4E77-A3D0-1A3C185E5C79}.Debug|x86.ActiveCfg = Debug|Win32
		{794A7915-12E0-4E77-A3D0-1A3C185E5C79}.Debug|x86.Build.0 = Debug|Win32
		{794A7915-12E0-4E77-A3D0-1A3C185E5C79}.Release|x64.ActiveCfg = Release|x64
		{794A7915-12E0-4E77-A3D0-1A3C185E5C79}.Release|x64.Build.0 = Release|x64
		{794A7915-12E0-4E77-A3D0-1A3C185E5C79}.Release|x86.ActiveCfg = Release|Win32
		{794A7915-12E0-4E77-A3D0-1A3C185E5C79}.Release|x86.Build.0 = Release|Win32
		{7D3F5CD0-1656-42EE-A44C-2B44AFD5E866}.Debug|x64.ActiveCfg = Debug|x64
		{7D3F5CD0-1656-42EE-A44C-2B44AFD5E866}.Debug|x64.Build.0 = Debug|x64
		{7D3F5CD0-1656-42EE-A44C-2B44AFD5E866}.Debug|x86.ActiveCfg = Debug|Win32
		{7D3F5CD0-1656-42EE-A44C-2B44AFD5E866}.Debug|x86.Build.0 = Debug|Win32
		{7D3F5CD0-1656-42EE-A44C-2B44AFD5E866}.Release|x64.ActiveCfg = Release|x64
		{7D3F5CD0-1656-42EE-A44C-2B44AFD5E866}.Release|x64.Build.0 = Release|x64
		{7D3F5CD0-1656-42EE-A44C-2B44AFD5E866}.Release|x86.ActiveCfg = Release|Win32
		{7D3F5CD0-1656-42EE-A44C-2B44AFD5E866}.Release|x86.Build.0 = Release|Win32
		{5EC34016-897A-42E3-AE4A-18261D5F9929}.Debug|x64.ActiveCfg = Debug|x64
		{5EC34016-897A-42E3-AE4A-18261D5F9929}.Debug|x64.Build.0 = Debug|x64
		{5EC34016-897A-42E3-AE4A-18261D5F9929}.Debug|x86.ActiveCfg = Debug|Win32
		{5EC34016-897A-42E3-AE4A-18261D5F9929}.Debug|x86.Build.0 = Debug|Win32
		{5EC34016-897A-42E3-AE4A-18261D5F9929}.Release|x64.ActiveCfg = Release|x64
		{5EC34016-897A-42E3-AE4A-18261D5F9929}.Release|x64.Build.0 = Release|x64
		{5EC34016-897A-42E3-AE4A-18261D5F9929}.Release|x86.ActiveCfg = Release|Win32
		{5EC34016-897A-42E3-AE4A-18261D5F9929}.Release|x86.Build.0 = Release|Win32
		{1F5BE9C4-E9AE-4FDD-9666-CFB3F3A98200}.Debug|x64.ActiveCfg = Debug|x64
		{1F5BE9C4-E9AE-4FDD-9666-CFB3F3A98200}.Debug|x64.Build.0 = Debug|x64
		{1F5BE9C4-E9AE-4FDD-9666-CFB3F3A98200}.Debug|x86.ActiveCfg = Debug|Win32
		{1F5BE9C4-E9AE-4FDD-9666-CFB3F3A98200}.Debug|x86.Build.0 = Debug|Win32
		{1F5BE9C4-E9AE-4FDD-9666-CFB3F3A98200}.Release|x64.ActiveCfg = Release|x64
		{1F5BE9C4-E9AE-4FDD-9666-CFB3F3A98200}.Release|x64.Build.0 = Release|x64
		{1F5BE9C4-E9AE-4FDD-9666-CFB3F3A98200}.Release|x86.ActiveCfg = Release|Win32
		{1F5BE9C4-E9AE-4FDD-9666-CFB3F3A98200}.Release|x86.Build.0 = Release|Win32
		{48D61846-A0B5-46D9-A78F-6B367D8D609D}.Debug|x64.ActiveCfg = Debug|x64
		{48D61846-A0B5-46D9-A78F-6B367D8D609D}.Debug|x64.Build.0 = Debug|x64
		{48D61846-A0B5-46D9-A78F-6B367D8D609D}.Debug|x86.ActiveCfg = Debug|Win32
		{48D61846-A0B5-46D9-A78F-6B367D8D609D}.Debug|x86.Build.0 = Debug|Win32
		{48D61846-A0B5-46D9-A78F-6B367D8D609D}.Release|x64.ActiveCfg = Release|x64
		{48D61846-A0B5-46D9-A78F-6B367D8D609D}.Release|x64.Build.0 = Release|x64
		{48D61846-A0B5-46D9-A78F-6B367D8D609D}.Release|x86.ActiveCfg = Release|Win32
		{48D61846-A0B5-46D9-A78F-6B367D8D609D}.Release|x86.Build.0 = Release|Win32
		{CB5A699C-5C2A-44D7-9EEC-FFB3C1999B83}.Debug|x64.ActiveCfg = Debug|x64
		{CB5A699C-5C2A-44D7-9EEC-FFB3C1999B83}.Debug|x64.Build.0 = Debug|x64
		{CB5A699C-5C2A-44D7-9EEC-FFB3C1999B83}.Debug|x86.ActiveCfg = Debug|Win32
		{CB5A699C-5C2A-44D7-9EEC-FFB3C1999B83}.Debug|x86.Build.0 = Debug|Win32
		{CB5A699C-5C2A-44D7-9EEC-FFB3C1999B83}.Release|x64.ActiveCfg = Release|x64
		{CB5A699C-5C2A-44D7-9EEC-FFB3C1999B83}.Release|x64.Build.0 = Release|x64
		{CB5A699C-5C2A-44D7-9EEC-FFB3C1999B83}.Release|x86.ActiveCfg = Release|Win32
		{CB5A699C-5C2A-44D7-9EEC-FFB3C1999B83}.Release|x86.Build.0 = Release|Win32
		{BE52B58C-B2E7-4091-B314-CCE0517778E2}.Debug|x64.ActiveCfg = Debug|x64
		{BE52B58C-B2E7-4091-B314-CCE0517778E2}.Debug|x64.Build.0 = Debug|x64
		{BE52B58C-B2E7-4091-B314-CCE0517778E2}.Debug|x86.ActiveCfg = Debug|Win32
		{BE52B58C-B2E7-4091-B314-CCE0517778E2}.Debug|x86.Build.0 = Debug|Win32
		{BE52B58C-B2E7-4091-B314-CCE0517778E2}.Release|x64.ActiveCfg = Release|x64
		{BE52B58C-B2E7-4091-B314-CCE0517778E2}.Release|x64.Build.0 = Release|x64
		{BE52B58C-B2E7-4091-B314-CCE0517778E2}.Release|x86.ActiveCfg = Release|Win32
		{BE52B58C-B2E7-4091-B314-CCE0517778E2}.Release|x86.Build.0 = Release|Win32
		{F3CBC96C-0E56-4595-A7D6-ACB3BE085BC4}.Debug|x64.ActiveCfg = Debug|x64
		{F3CBC96C-0E56-4595-A7D6-ACB3BE085BC4}.Debug|x64.Build.0 = Debug|x64
		{F3CBC96C-0E56-4595-A7D6-ACB3BE085BC4}.Debug|x86.ActiveCfg = Debug|Win32
		{F3CBC96C-0E56-4595-A7D6-ACB3BE085BC4}.Debug|x86.Build.0 = Debug|Win32
		{F3CBC96C-0E56-4595-A7D6-ACB3BE085BC4}.Release|x64.ActiveCfg = Release|x64
		{F3CBC96C-0E56-4595-A7D6-ACB3BE085BC4}.Release|x64.Build.0 = Release|x64
		{F3CBC96C-0E56-4595-A7D6-ACB3BE085BC4}.Release|x86.ActiveCfg = Release|Win32
		{F3CBC96C-0E56-4595-A7D6-ACB3BE085BC4}.Release|x86.Build.0 = Release|Win32
	EndGlobalSection
	GlobalSection(SolutionProperties) = preSolution
		HideSolutionNode = FALSE
	EndGlobalSection
	GlobalSection(ExtensibilityGlobals) = postSolution
		SolutionGuid = {7D4CA94E-4EC1-4B6C-A60C-437DA804E350}
	EndGlobalSection
EndGlobal
